// !$*UTF8*$!
{
	archiveVersion = 1;
	classes = {
	};
	objectVersion = 46;
	objects = {

/* Begin PBXBuildFile section */
		D2008E3C1C0E7F0D008CC0B7 /* game.c in Sources */ = {isa = PBXBuildFile; fileRef = D2008E3A1C0E7F0D008CC0B7 /* game.c */; };
		D222902C1C04D606000EE872 /* 2048.c in Sources */ = {isa = PBXBuildFile; fileRef = D222902A1C04D606000EE872 /* 2048.c */; };
		D2F16A8B1C0161BB00F1D41C /* main.c in Sources */ = {isa = PBXBuildFile; fileRef = D2F16A8A1C0161BB00F1D41C /* main.c */; };
		D2F16A941C0162B400F1D41C /* board.c in Sources */ = {isa = PBXBuildFile; fileRef = D2F16A921C0162B400F1D41C /* board.c */; };
		D2F16A971C01631200F1D41C /* num_util.c in Sources */ = {isa = PBXBuildFile; fileRef = D2F16A951C01631200F1D41C /* num_util.c */; };
/* End PBXBuildFile section */

/* Begin PBXCopyFilesBuildPhase section */
		D2F16A851C0161BB00F1D41C /* CopyFiles */ = {
			isa = PBXCopyFilesBuildPhase;
			buildActionMask = 2147483647;
			dstPath = /usr/share/man/man1/;
			dstSubfolderSpec = 0;
			files = (
			);
			runOnlyForDeploymentPostprocessing = 1;
		};
/* End PBXCopyFilesBuildPhase section */

/* Begin PBXFileReference section */
		D2008E3A1C0E7F0D008CC0B7 /* game.c */ = {isa = PBXFileReference; fileEncoding = 4; lastKnownFileType = sourcecode.c.c; path = game.c; sourceTree = "<group>"; };
		D2008E3B1C0E7F0D008CC0B7 /* game.h */ = {isa = PBXFileReference; fileEncoding = 4; lastKnownFileType = sourcecode.c.h; path = game.h; sourceTree = "<group>"; };
		D222902A1C04D606000EE872 /* 2048.c */ = {isa = PBXFileReference; fileEncoding = 4; lastKnownFileType = sourcecode.c.c; path = 2048.c; sourceTree = "<group>"; };
		D222902B1C04D606000EE872 /* 2048.h */ = {isa = PBXFileReference; fileEncoding = 4; lastKnownFileType = sourcecode.c.h; path = 2048.h; sourceTree = "<group>"; };
		D2F16A871C0161BB00F1D41C /* AI2048Solver */ = {isa = PBXFileReference; explicitFileType = "compiled.mach-o.executable"; includeInIndex = 0; path = AI2048Solver; sourceTree = BUILT_PRODUCTS_DIR; };
		D2F16A8A1C0161BB00F1D41C /* main.c */ = {isa = PBXFileReference; lastKnownFileType = sourcecode.c.c; path = main.c; sourceTree = "<group>"; };
		D2F16A921C0162B400F1D41C /* board.c */ = {isa = PBXFileReference; fileEncoding = 4; lastKnownFileType = sourcecode.c.c; path = board.c; sourceTree = "<group>"; };
		D2F16A931C0162B400F1D41C /* board.h */ = {isa = PBXFileReference; fileEncoding = 4; lastKnownFileType = sourcecode.c.h; path = board.h; sourceTree = "<group>"; };
		D2F16A951C01631200F1D41C /* num_util.c */ = {isa = PBXFileReference; fileEncoding = 4; lastKnownFileType = sourcecode.c.c; name = num_util.c; path = Util/num_util.c; sourceTree = "<group>"; };
		D2F16A961C01631200F1D41C /* num_util.h */ = {isa = PBXFileReference; fileEncoding = 4; lastKnownFileType = sourcecode.c.h; name = num_util.h; path = Util/num_util.h; sourceTree = "<group>"; };
/* End PBXFileReference section */

/* Begin PBXFrameworksBuildPhase section */
		D2F16A841C0161BB00F1D41C /* Frameworks */ = {
			isa = PBXFrameworksBuildPhase;
			buildActionMask = 2147483647;
			files = (
			);
			runOnlyForDeploymentPostprocessing = 0;
		};
/* End PBXFrameworksBuildPhase section */

/* Begin PBXGroup section */
		D2F16A7E1C0161BB00F1D41C = {
			isa = PBXGroup;
			children = (
				D2F16A891C0161BB00F1D41C /* AI2048Solver */,
				D2F16A881C0161BB00F1D41C /* Products */,
			);
			sourceTree = "<group>";
		};
		D2F16A881C0161BB00F1D41C /* Products */ = {
			isa = PBXGroup;
			children = (
				D2F16A871C0161BB00F1D41C /* AI2048Solver */,
			);
			name = Products;
			sourceTree = "<group>";
		};
		D2F16A891C0161BB00F1D41C /* AI2048Solver */ = {
			isa = PBXGroup;
			children = (
				D2F16A8A1C0161BB00F1D41C /* main.c */,
				D2F16A981C0163DE00F1D41C /* Util */,
				D2F16A921C0162B400F1D41C /* board.c */,
				D2F16A931C0162B400F1D41C /* board.h */,
				D222902A1C04D606000EE872 /* 2048.c */,
				D222902B1C04D606000EE872 /* 2048.h */,
				D2008E3A1C0E7F0D008CC0B7 /* game.c */,
				D2008E3B1C0E7F0D008CC0B7 /* game.h */,
			);
			path = AI2048Solver;
			sourceTree = "<group>";
		};
		D2F16A981C0163DE00F1D41C /* Util */ = {
			isa = PBXGroup;
			children = (
				D2F16A951C01631200F1D41C /* num_util.c */,
				D2F16A961C01631200F1D41C /* num_util.h */,
			);
			name = Util;
			sourceTree = "<group>";
		};
/* End PBXGroup section */

/* Begin PBXNativeTarget section */
		D2F16A861C0161BB00F1D41C /* AI2048Solver */ = {
			isa = PBXNativeTarget;
			buildConfigurationList = D2F16A8E1C0161BB00F1D41C /* Build configuration list for PBXNativeTarget "AI2048Solver" */;
			buildPhases = (
				D2F16A831C0161BB00F1D41C /* Sources */,
				D2F16A841C0161BB00F1D41C /* Frameworks */,
				D2F16A851C0161BB00F1D41C /* CopyFiles */,
			);
			buildRules = (
			);
			dependencies = (
			);
			name = AI2048Solver;
			productName = AI2048Solver;
			productReference = D2F16A871C0161BB00F1D41C /* AI2048Solver */;
			productType = "com.apple.product-type.tool";
		};
/* End PBXNativeTarget section */

/* Begin PBXProject section */
		D2F16A7F1C0161BB00F1D41C /* Project object */ = {
			isa = PBXProject;
			attributes = {
				LastUpgradeCheck = 0710;
				ORGANIZATIONNAME = "Scott Krulcik";
				TargetAttributes = {
					D2F16A861C0161BB00F1D41C = {
						CreatedOnToolsVersion = 7.1.1;
					};
				};
			};
			buildConfigurationList = D2F16A821C0161BB00F1D41C /* Build configuration list for PBXProject "AI2048Solver" */;
			compatibilityVersion = "Xcode 3.2";
			developmentRegion = English;
			hasScannedForEncodings = 0;
			knownRegions = (
				en,
			);
			mainGroup = D2F16A7E1C0161BB00F1D41C;
			productRefGroup = D2F16A881C0161BB00F1D41C /* Products */;
			projectDirPath = "";
			projectRoot = "";
			targets = (
				D2F16A861C0161BB00F1D41C /* AI2048Solver */,
			);
		};
/* End PBXProject section */

/* Begin PBXSourcesBuildPhase section */
		D2F16A831C0161BB00F1D41C /* Sources */ = {
			isa = PBXSourcesBuildPhase;
			buildActionMask = 2147483647;
			files = (
				D2008E3C1C0E7F0D008CC0B7 /* game.c in Sources */,
				D2F16A941C0162B400F1D41C /* board.c in Sources */,
				D222902C1C04D606000EE872 /* 2048.c in Sources */,
				D2F16A971C01631200F1D41C /* num_util.c in Sources */,
				D2F16A8B1C0161BB00F1D41C /* main.c in Sources */,
			);
			runOnlyForDeploymentPostprocessing = 0;
		};
/* End PBXSourcesBuildPhase section */

/* Begin XCBuildConfiguration section */
		D2F16A8C1C0161BB00F1D41C /* Debug */ = {
			isa = XCBuildConfiguration;
			buildSettings = {
				ALWAYS_SEARCH_USER_PATHS = NO;
				CLANG_CXX_LANGUAGE_STANDARD = "gnu++0x";
				CLANG_CXX_LIBRARY = "libc++";
				CLANG_ENABLE_MODULES = YES;
				CLANG_ENABLE_OBJC_ARC = YES;
				CLANG_WARN_BOOL_CONVERSION = YES;
				CLANG_WARN_CONSTANT_CONVERSION = YES;
				CLANG_WARN_DIRECT_OBJC_ISA_USAGE = YES_ERROR;
				CLANG_WARN_EMPTY_BODY = YES;
				CLANG_WARN_ENUM_CONVERSION = YES;
				CLANG_WARN_INT_CONVERSION = YES;
				CLANG_WARN_OBJC_ROOT_CLASS = YES_ERROR;
				CLANG_WARN_UNREACHABLE_CODE = YES;
				CLANG_WARN__DUPLICATE_METHOD_MATCH = YES;
				CODE_SIGN_IDENTITY = "-";
				COPY_PHASE_STRIP = NO;
				DEBUG_INFORMATION_FORMAT = dwarf;
				ENABLE_STRICT_OBJC_MSGSEND = YES;
				ENABLE_TESTABILITY = YES;
				GCC_C_LANGUAGE_STANDARD = gnu99;
				GCC_DYNAMIC_NO_PIC = NO;
				GCC_NO_COMMON_BLOCKS = YES;
				GCC_OPTIMIZATION_LEVEL = 0;
				GCC_PREPROCESSOR_DEFINITIONS = (
					"DEBUG=1",
					"$(inherited)",
				);
				GCC_WARN_64_TO_32_BIT_CONVERSION = YES;
				GCC_WARN_ABOUT_RETURN_TYPE = YES_ERROR;
				GCC_WARN_UNDECLARED_SELECTOR = YES;
				GCC_WARN_UNINITIALIZED_AUTOS = YES_AGGRESSIVE;
				GCC_WARN_UNUSED_FUNCTION = YES;
				GCC_WARN_UNUSED_VARIABLE = YES;
				MACOSX_DEPLOYMENT_TARGET = 10.11;
				MTL_ENABLE_DEBUG_INFO = YES;
				ONLY_ACTIVE_ARCH = YES;
				SDKROOT = macosx;
			};
			name = Debug;
		};
		D2F16A8D1C0161BB00F1D41C /* Release */ = {
			isa = XCBuildConfiguration;
			buildSettings = {
				ALWAYS_SEARCH_USER_PATHS = NO;
				CLANG_CXX_LANGUAGE_STANDARD = "gnu++0x";
				CLANG_CXX_LIBRARY = "libc++";
				CLANG_ENABLE_MODULES = YES;
				CLANG_ENABLE_OBJC_ARC = YES;
				CLANG_WARN_BOOL_CONVERSION = YES;
				CLANG_WARN_CONSTANT_CONVERSION = YES;
				CLANG_WARN_DIRECT_OBJC_ISA_USAGE = YES_ERROR;
				CLANG_WARN_EMPTY_BODY = YES;
				CLANG_WARN_ENUM_CONVERSION = YES;
				CLANG_WARN_INT_CONVERSION = YES;
				CLANG_WARN_OBJC_ROOT_CLASS = YES_ERROR;
				CLANG_WARN_UNREACHABLE_CODE = YES;
				CLANG_WARN__DUPLICATE_METHOD_MATCH = YES;
				CODE_SIGN_IDENTITY = "-";
				COPY_PHASE_STRIP = NO;
				DEBUG_INFORMATION_FORMAT = "dwarf-with-dsym";
				ENABLE_NS_ASSERTIONS = NO;
				ENABLE_STRICT_OBJC_MSGSEND = YES;
				GCC_C_LANGUAGE_STANDARD = gnu99;
				GCC_NO_COMMON_BLOCKS = YES;
				GCC_WARN_64_TO_32_BIT_CONVERSION = YES;
				GCC_WARN_ABOUT_RETURN_TYPE = YES_ERROR;
				GCC_WARN_UNDECLARED_SELECTOR = YES;
				GCC_WARN_UNINITIALIZED_AUTOS = YES_AGGRESSIVE;
				GCC_WARN_UNUSED_FUNCTION = YES;
				GCC_WARN_UNUSED_VARIABLE = YES;
				MACOSX_DEPLOYMENT_TARGET = 10.11;
				MTL_ENABLE_DEBUG_INFO = NO;
				SDKROOT = macosx;
			};
			name = Release;
		};
		D2F16A8F1C0161BB00F1D41C /* Debug */ = {
			isa = XCBuildConfiguration;
			buildSettings = {
				PRODUCT_NAME = "$(TARGET_NAME)";
			};
			name = Debug;
		};
		D2F16A901C0161BB00F1D41C /* Release */ = {
			isa = XCBuildConfiguration;
			buildSettings = {
				PRODUCT_NAME = "$(TARGET_NAME)";
			};
			name = Release;
		};
/* End XCBuildConfiguration section */

/* Begin XCConfigurationList section */
		D2F16A821C0161BB00F1D41C /* Build configuration list for PBXProject "AI2048Solver" */ = {
			isa = XCConfigurationList;
			buildConfigurations = (
				D2F16A8C1C0161BB00F1D41C /* Debug */,
				D2F16A8D1C0161BB00F1D41C /* Release */,
			);
			defaultConfigurationIsVisible = 0;
			defaultConfigurationName = Release;
		};
		D2F16A8E1C0161BB00F1D41C /* Build configuration list for PBXNativeTarget "AI2048Solver" */ = {
			isa = XCConfigurationList;
			buildConfigurations = (
				D2F16A8F1C0161BB00F1D41C /* Debug */,
				D2F16A901C0161BB00F1D41C /* Release */,
			);
			defaultConfigurationIsVisible = 0;
			defaultConfigurationName = Release;
		};
/* End XCConfigurationList section */
	};
	rootObject = D2F16A7F1C0161BB00F1D41C /* Project object */;
}
